// !$*UTF8*$!
{
	archiveVersion = 1;
	classes = {
	};
	objectVersion = 46;
	objects = {

/* Begin PBXBuildFile section */
		5537FC8519C2F23600741404 /* main.m in Sources */ = {isa = PBXBuildFile; fileRef = 5537FC8419C2F23600741404 /* main.m */; };
		5537FC8D19C2F2EE00741404 /* Fraction.m in Sources */ = {isa = PBXBuildFile; fileRef = 5537FC8C19C2F2EE00741404 /* Fraction.m */; };
/* End PBXBuildFile section */

/* Begin PBXCopyFilesBuildPhase section */
		5537FC7F19C2F23600741404 /* CopyFiles */ = {
			isa = PBXCopyFilesBuildPhase;
			buildActionMask = 2147483647;
			dstPath = /usr/share/man/man1/;
			dstSubfolderSpec = 0;
			files = (
			);
			runOnlyForDeploymentPostprocessing = 1;
		};
/* End PBXCopyFilesBuildPhase section */

/* Begin PBXFileReference section */
		5537FC8119C2F23600741404 /* Books_003_Class_Demo01 */ = {isa = PBXFileReference; explicitFileType = "compiled.mach-o.executable"; includeInIndex = 0; path = Books_003_Class_Demo01; sourceTree = BUILT_PRODUCTS_DIR; };
		5537FC8419C2F23600741404 /* main.m */ = {isa = PBXFileReference; lastKnownFileType = sourcecode.c.objc; path = main.m; sourceTree = "<group>"; };
		5537FC8B19C2F2EE00741404 /* Fraction.h */ = {isa = PBXFileReference; fileEncoding = 4; lastKnownFileType = sourcecode.c.h; path = Fraction.h; sourceTree = "<group>"; };
		5537FC8C19C2F2EE00741404 /* Fraction.m */ = {isa = PBXFileReference; fileEncoding = 4; lastKnownFileType = sourcecode.c.objc; path = Fraction.m; sourceTree = "<group>"; };
/* End PBXFileReference section */

/* Begin PBXFrameworksBuildPhase section */
		5537FC7E19C2F23600741404 /* Frameworks */ = {
			isa = PBXFrameworksBuildPhase;
			buildActionMask = 2147483647;
			files = (
			);
			runOnlyForDeploymentPostprocessing = 0;
		};
/* End PBXFrameworksBuildPhase section */

/* Begin PBXGroup section */
		5537FC7819C2F23600741404 = {
			isa = PBXGroup;
			children = (
				5537FC8B19C2F2EE00741404 /* Fraction.h */,
				5537FC8C19C2F2EE00741404 /* Fraction.m */,
				5537FC8319C2F23600741404 /* Books_003_Class_Demo01 */,
				5537FC8219C2F23600741404 /* Products */,
			);
			sourceTree = "<group>";
		};
		5537FC8219C2F23600741404 /* Products */ = {
			isa = PBXGroup;
			children = (
				5537FC8119C2F23600741404 /* Books_003_Class_Demo01 */,
			);
			name = Products;
			sourceTree = "<group>";
		};
		5537FC8319C2F23600741404 /* Books_003_Class_Demo01 */ = {
			isa = PBXGroup;
			children = (
				5537FC8419C2F23600741404 /* main.m */,
			);
			path = Books_003_Class_Demo01;
			sourceTree = "<group>";
		};
/* End PBXGroup section */

/* Begin PBXNativeTarget section */
		5537FC8019C2F23600741404 /* Books_003_Class_Demo01 */ = {
			isa = PBXNativeTarget;
			buildConfigurationList = 5537FC8819C2F23600741404 /* Build configuration list for PBXNativeTarget "Books_003_Class_Demo01" */;
			buildPhases = (
				5537FC7D19C2F23600741404 /* Sources */,
				5537FC7E19C2F23600741404 /* Frameworks */,
				5537FC7F19C2F23600741404 /* CopyFiles */,
			);
			buildRules = (
			);
			dependencies = (
			);
			name = Books_003_Class_Demo01;
			productName = Books_003_Class_Demo01;
			productReference = 5537FC8119C2F23600741404 /* Books_003_Class_Demo01 */;
			productType = "com.apple.product-type.tool";
		};
/* End PBXNativeTarget section */

/* Begin PBXProject section */
		5537FC7919C2F23600741404 /* Project object */ = {
			isa = PBXProject;
			attributes = {
				LastUpgradeCheck = 0600;
				ORGANIZATIONNAME = oxcaesar;
				TargetAttributes = {
					5537FC8019C2F23600741404 = {
						CreatedOnToolsVersion = 6.0;
					};
				};
			};
			buildConfigurationList = 5537FC7C19C2F23600741404 /* Build configuration list for PBXProject "Books_003_Class_Demo01" */;
			compatibilityVersion = "Xcode 3.2";
			developmentRegion = English;
			hasScannedForEncodings = 0;
			knownRegions = (
				en,
			);
			mainGroup = 5537FC7819C2F23600741404;
			productRefGroup = 5537FC8219C2F23600741404 /* Products */;
			projectDirPath = "";
			projectRoot = "";
			targets = (
				5537FC8019C2F23600741404 /* Books_003_Class_Demo01 */,
			);
		};
/* End PBXProject section */

/* Begin PBXSourcesBuildPhase section */
		5537FC7D19C2F23600741404 /* Sources */ = {
			isa = PBXSourcesBuildPhase;
			buildActionMask = 2147483647;
			files = (
				5537FC8519C2F23600741404 /* main.m in Sources */,
				5537FC8D19C2F2EE00741404 /* Fraction.m in Sources */,
			);
			runOnlyForDeploymentPostprocessing = 0;
		};
/* End PBXSourcesBuildPhase section */

/* Begin XCBuildConfiguration section */
		5537FC8619C2F23600741404 /* Debug */ = {
			isa = XCBuildConfiguration;
			buildSettings = {
				ALWAYS_SEARCH_USER_PATHS = NO;
				CLANG_CXX_LANGUAGE_STANDARD = "gnu++0x";
				CLANG_CXX_LIBRARY = "libc++";
				CLANG_ENABLE_MODULES = YES;
				CLANG_ENABLE_OBJC_ARC = YES;
				CLANG_WARN_BOOL_CONVERSION = YES;
				CLANG_WARN_CONSTANT_CONVERSION = YES;
				CLANG_WARN_DIRECT_OBJC_ISA_USAGE = YES_ERROR;
				CLANG_WARN_EMPTY_BODY = YES;
				CLANG_WARN_ENUM_CONVERSION = YES;
				CLANG_WARN_INT_CONVERSION = YES;
				CLANG_WARN_OBJC_ROOT_CLASS = YES_ERROR;
				CLANG_WARN_UNREACHABLE_CODE = YES;
				CLANG_WARN__DUPLICATE_METHOD_MATCH = YES;
				COPY_PHASE_STRIP = NO;
				ENABLE_STRICT_OBJC_MSGSEND = YES;
				GCC_C_LANGUAGE_STANDARD = gnu99;
				GCC_DYNAMIC_NO_PIC = NO;
				GCC_OPTIMIZATION_LEVEL = 0;
				GCC_PREPROCESSOR_DEFINITIONS = (
					"DEBUG=1",
					"$(inherited)",
				);
				GCC_SYMBOLS_PRIVATE_EXTERN = NO;
				GCC_WARN_64_TO_32_BIT_CONVERSION = YES;
				GCC_WARN_ABOUT_RETURN_TYPE = YES_ERROR;
				GCC_WARN_UNDECLARED_SELECTOR = YES;
				GCC_WARN_UNINITIALIZED_AUTOS = YES_AGGRESSIVE;
				GCC_WARN_UNUSED_FUNCTION = YES;
				GCC_WARN_UNUSED_VARIABLE = YES;
				MACOSX_DEPLOYMENT_TARGET = 10.9;
				MTL_ENABLE_DEBUG_INFO = YES;
				ONLY_ACTIVE_ARCH = YES;
				SDKROOT = macosx;
			};
			name = Debug;
		};
		5537FC8719C2F23600741404 /* Release */ = {
			isa = XCBuildConfiguration;
			buildSettings = {
				ALWAYS_SEARCH_USER_PATHS = NO;
				CLANG_CXX_LANGUAGE_STANDARD = "gnu++0x";
				CLANG_CXX_LIBRARY = "libc++";
				CLANG_ENABLE_MODULES = YES;
				CLANG_ENABLE_OBJC_ARC = YES;
				CLANG_WARN_BOOL_CONVERSION = YES;
				CLANG_WARN_CONSTANT_CONVERSION = YES;
				CLANG_WARN_DIRECT_OBJC_ISA_USAGE = YES_ERROR;
				CLANG_WARN_EMPTY_BODY = YES;
				CLANG_WARN_ENUM_CONVERSION = YES;
				CLANG_WARN_INT_CONVERSION = YES;
				CLANG_WARN_OBJC_ROOT_CLASS = YES_ERROR;
				CLANG_WARN_UNREACHABLE_CODE = YES;
				CLANG_WARN__DUPLICATE_METHOD_MATCH = YES;
				COPY_PHASE_STRIP = YES;
				DEBUG_INFORMATION_FORMAT = "dwarf-with-dsym";
				ENABLE_NS_ASSERTIONS = NO;
				ENABLE_STRICT_OBJC_MSGSEND = YES;
				GCC_C_LANGUAGE_STANDARD = gnu99;
				GCC_WARN_64_TO_32_BIT_CONVERSION = YES;
				GCC_WARN_ABOUT_RETURN_TYPE = YES_ERROR;
				GCC_WARN_UNDECLARED_SELECTOR = YES;
				GCC_WARN_UNINITIALIZED_AUTOS = YES_AGGRESSIVE;
				GCC_WARN_UNUSED_FUNCTION = YES;
				GCC_WARN_UNUSED_VARIABLE = YES;
				MACOSX_DEPLOYMENT_TARGET = 10.9;
				MTL_ENABLE_DEBUG_INFO = NO;
				SDKROOT = macosx;
			};
			name = Release;
		};
		5537FC8919C2F23600741404 /* Debug */ = {
			isa = XCBuildConfiguration;
			buildSettings = {
				PRODUCT_NAME = "$(TARGET_NAME)";
			};
			name = Debug;
		};
		5537FC8A19C2F23600741404 /* Release */ = {
			isa = XCBuildConfiguration;
			buildSettings = {
				PRODUCT_NAME = "$(TARGET_NAME)";
			};
			name = Release;
		};
/* End XCBuildConfiguration section */

/* Begin XCConfigurationList section */
		5537FC7C19C2F23600741404 /* Build configuration list for PBXProject "Books_003_Class_Demo01" */ = {
			isa = XCConfigurationList;
			buildConfigurations = (
				5537FC8619C2F23600741404 /* Debug */,
				5537FC8719C2F23600741404 /* Release */,
			);
			defaultConfigurationIsVisible = 0;
			defaultConfigurationName = Release;
		};
		5537FC8819C2F23600741404 /* Build configuration list for PBXNativeTarget "Books_003_Class_Demo01" */ = {
			isa = XCConfigurationList;
			buildConfigurations = (
				5537FC8919C2F23600741404 /* Debug */,
				5537FC8A19C2F23600741404 /* Release */,
			);
			defaultConfigurationIsVisible = 0;
		};
/* End XCConfigurationList section */
	};
	rootObject = 5537FC7919C2F23600741404 /* Project object */;
}
