// !$*UTF8*$!
{
	archiveVersion = 1;
	classes = {
	};
	objectVersion = 46;
	objects = {

/* Begin PBXBuildFile section */
		555E67A819C164E700298283 /* main.m in Sources */ = {isa = PBXBuildFile; fileRef = 555E67A719C164E700298283 /* main.m */; };
		555E67B019C164F000298283 /* Card.m in Sources */ = {isa = PBXBuildFile; fileRef = 555E67AF19C164F000298283 /* Card.m */; };
/* End PBXBuildFile section */

/* Begin PBXCopyFilesBuildPhase section */
		555E67A219C164E700298283 /* CopyFiles */ = {
			isa = PBXCopyFilesBuildPhase;
			buildActionMask = 2147483647;
			dstPath = /usr/share/man/man1/;
			dstSubfolderSpec = 0;
			files = (
			);
			runOnlyForDeploymentPostprocessing = 1;
		};
/* End PBXCopyFilesBuildPhase section */

/* Begin PBXFileReference section */
		555E67A419C164E700298283 /* Vedios_001_Card */ = {isa = PBXFileReference; explicitFileType = "compiled.mach-o.executable"; includeInIndex = 0; path = Vedios_001_Card; sourceTree = BUILT_PRODUCTS_DIR; };
		555E67A719C164E700298283 /* main.m */ = {isa = PBXFileReference; lastKnownFileType = sourcecode.c.objc; path = main.m; sourceTree = "<group>"; };
		555E67AE19C164F000298283 /* Card.h */ = {isa = PBXFileReference; fileEncoding = 4; lastKnownFileType = sourcecode.c.h; path = Card.h; sourceTree = "<group>"; };
		555E67AF19C164F000298283 /* Card.m */ = {isa = PBXFileReference; fileEncoding = 4; lastKnownFileType = sourcecode.c.objc; path = Card.m; sourceTree = "<group>"; };
/* End PBXFileReference section */

/* Begin PBXFrameworksBuildPhase section */
		555E67A119C164E700298283 /* Frameworks */ = {
			isa = PBXFrameworksBuildPhase;
			buildActionMask = 2147483647;
			files = (
			);
			runOnlyForDeploymentPostprocessing = 0;
		};
/* End PBXFrameworksBuildPhase section */

/* Begin PBXGroup section */
		555E679B19C164E700298283 = {
			isa = PBXGroup;
			children = (
				555E67A619C164E700298283 /* Vedios_001_Card */,
				555E67A519C164E700298283 /* Products */,
			);
			sourceTree = "<group>";
		};
		555E67A519C164E700298283 /* Products */ = {
			isa = PBXGroup;
			children = (
				555E67A419C164E700298283 /* Vedios_001_Card */,
			);
			name = Products;
			sourceTree = "<group>";
		};
		555E67A619C164E700298283 /* Vedios_001_Card */ = {
			isa = PBXGroup;
			children = (
				555E67A719C164E700298283 /* main.m */,
				555E67AE19C164F000298283 /* Card.h */,
				555E67AF19C164F000298283 /* Card.m */,
			);
			path = Vedios_001_Card;
			sourceTree = "<group>";
		};
/* End PBXGroup section */

/* Begin PBXNativeTarget section */
		555E67A319C164E700298283 /* Vedios_001_Card */ = {
			isa = PBXNativeTarget;
			buildConfigurationList = 555E67AB19C164E700298283 /* Build configuration list for PBXNativeTarget "Vedios_001_Card" */;
			buildPhases = (
				555E67A019C164E700298283 /* Sources */,
				555E67A119C164E700298283 /* Frameworks */,
				555E67A219C164E700298283 /* CopyFiles */,
			);
			buildRules = (
			);
			dependencies = (
			);
			name = Vedios_001_Card;
			productName = Vedios_001_Card;
			productReference = 555E67A419C164E700298283 /* Vedios_001_Card */;
			productType = "com.apple.product-type.tool";
		};
/* End PBXNativeTarget section */

/* Begin PBXProject section */
		555E679C19C164E700298283 /* Project object */ = {
			isa = PBXProject;
			attributes = {
				LastUpgradeCheck = 0600;
				ORGANIZATIONNAME = oxcaesar;
				TargetAttributes = {
					555E67A319C164E700298283 = {
						CreatedOnToolsVersion = 6.0;
					};
				};
			};
			buildConfigurationList = 555E679F19C164E700298283 /* Build configuration list for PBXProject "Vedios_001_Card" */;
			compatibilityVersion = "Xcode 3.2";
			developmentRegion = English;
			hasScannedForEncodings = 0;
			knownRegions = (
				en,
			);
			mainGroup = 555E679B19C164E700298283;
			productRefGroup = 555E67A519C164E700298283 /* Products */;
			projectDirPath = "";
			projectRoot = "";
			targets = (
				555E67A319C164E700298283 /* Vedios_001_Card */,
			);
		};
/* End PBXProject section */

/* Begin PBXSourcesBuildPhase section */
		555E67A019C164E700298283 /* Sources */ = {
			isa = PBXSourcesBuildPhase;
			buildActionMask = 2147483647;
			files = (
				555E67A819C164E700298283 /* main.m in Sources */,
				555E67B019C164F000298283 /* Card.m in Sources */,
			);
			runOnlyForDeploymentPostprocessing = 0;
		};
/* End PBXSourcesBuildPhase section */

/* Begin XCBuildConfiguration section */
		555E67A919C164E700298283 /* Debug */ = {
			isa = XCBuildConfiguration;
			buildSettings = {
				ALWAYS_SEARCH_USER_PATHS = NO;
				CLANG_CXX_LANGUAGE_STANDARD = "gnu++0x";
				CLANG_CXX_LIBRARY = "libc++";
				CLANG_ENABLE_MODULES = YES;
				CLANG_ENABLE_OBJC_ARC = YES;
				CLANG_WARN_BOOL_CONVERSION = YES;
				CLANG_WARN_CONSTANT_CONVERSION = YES;
				CLANG_WARN_DIRECT_OBJC_ISA_USAGE = YES_ERROR;
				CLANG_WARN_EMPTY_BODY = YES;
				CLANG_WARN_ENUM_CONVERSION = YES;
				CLANG_WARN_INT_CONVERSION = YES;
				CLANG_WARN_OBJC_ROOT_CLASS = YES_ERROR;
				CLANG_WARN_UNREACHABLE_CODE = YES;
				CLANG_WARN__DUPLICATE_METHOD_MATCH = YES;
				COPY_PHASE_STRIP = NO;
				ENABLE_STRICT_OBJC_MSGSEND = YES;
				GCC_C_LANGUAGE_STANDARD = gnu99;
				GCC_DYNAMIC_NO_PIC = NO;
				GCC_OPTIMIZATION_LEVEL = 0;
				GCC_PREPROCESSOR_DEFINITIONS = (
					"DEBUG=1",
					"$(inherited)",
				);
				GCC_SYMBOLS_PRIVATE_EXTERN = NO;
				GCC_WARN_64_TO_32_BIT_CONVERSION = YES;
				GCC_WARN_ABOUT_RETURN_TYPE = YES_ERROR;
				GCC_WARN_UNDECLARED_SELECTOR = YES;
				GCC_WARN_UNINITIALIZED_AUTOS = YES_AGGRESSIVE;
				GCC_WARN_UNUSED_FUNCTION = YES;
				GCC_WARN_UNUSED_VARIABLE = YES;
				MACOSX_DEPLOYMENT_TARGET = 10.9;
				MTL_ENABLE_DEBUG_INFO = YES;
				ONLY_ACTIVE_ARCH = YES;
				SDKROOT = macosx;
			};
			name = Debug;
		};
		555E67AA19C164E700298283 /* Release */ = {
			isa = XCBuildConfiguration;
			buildSettings = {
				ALWAYS_SEARCH_USER_PATHS = NO;
				CLANG_CXX_LANGUAGE_STANDARD = "gnu++0x";
				CLANG_CXX_LIBRARY = "libc++";
				CLANG_ENABLE_MODULES = YES;
				CLANG_ENABLE_OBJC_ARC = YES;
				CLANG_WARN_BOOL_CONVERSION = YES;
				CLANG_WARN_CONSTANT_CONVERSION = YES;
				CLANG_WARN_DIRECT_OBJC_ISA_USAGE = YES_ERROR;
				CLANG_WARN_EMPTY_BODY = YES;
				CLANG_WARN_ENUM_CONVERSION = YES;
				CLANG_WARN_INT_CONVERSION = YES;
				CLANG_WARN_OBJC_ROOT_CLASS = YES_ERROR;
				CLANG_WARN_UNREACHABLE_CODE = YES;
				CLANG_WARN__DUPLICATE_METHOD_MATCH = YES;
				COPY_PHASE_STRIP = YES;
				DEBUG_INFORMATION_FORMAT = "dwarf-with-dsym";
				ENABLE_NS_ASSERTIONS = NO;
				ENABLE_STRICT_OBJC_MSGSEND = YES;
				GCC_C_LANGUAGE_STANDARD = gnu99;
				GCC_WARN_64_TO_32_BIT_CONVERSION = YES;
				GCC_WARN_ABOUT_RETURN_TYPE = YES_ERROR;
				GCC_WARN_UNDECLARED_SELECTOR = YES;
				GCC_WARN_UNINITIALIZED_AUTOS = YES_AGGRESSIVE;
				GCC_WARN_UNUSED_FUNCTION = YES;
				GCC_WARN_UNUSED_VARIABLE = YES;
				MACOSX_DEPLOYMENT_TARGET = 10.9;
				MTL_ENABLE_DEBUG_INFO = NO;
				SDKROOT = macosx;
			};
			name = Release;
		};
		555E67AC19C164E700298283 /* Debug */ = {
			isa = XCBuildConfiguration;
			buildSettings = {
				PRODUCT_NAME = "$(TARGET_NAME)";
			};
			name = Debug;
		};
		555E67AD19C164E700298283 /* Release */ = {
			isa = XCBuildConfiguration;
			buildSettings = {
				PRODUCT_NAME = "$(TARGET_NAME)";
			};
			name = Release;
		};
/* End XCBuildConfiguration section */

/* Begin XCConfigurationList section */
		555E679F19C164E700298283 /* Build configuration list for PBXProject "Vedios_001_Card" */ = {
			isa = XCConfigurationList;
			buildConfigurations = (
				555E67A919C164E700298283 /* Debug */,
				555E67AA19C164E700298283 /* Release */,
			);
			defaultConfigurationIsVisible = 0;
			defaultConfigurationName = Release;
		};
		555E67AB19C164E700298283 /* Build configuration list for PBXNativeTarget "Vedios_001_Card" */ = {
			isa = XCConfigurationList;
			buildConfigurations = (
				555E67AC19C164E700298283 /* Debug */,
				555E67AD19C164E700298283 /* Release */,
			);
			defaultConfigurationIsVisible = 0;
		};
/* End XCConfigurationList section */
	};
	rootObject = 555E679C19C164E700298283 /* Project object */;
}
